{
  "lockfileVersion": 2,
  "configVersion": 1,
  "workspaces": {
    "": {
      "name": "live-system-workspace",
      "devDependencies": {
        "@types/bun": "latest",
        "typescript": "^5.9.0",
      },
    },
    "examples/virtual-infrastructure/data-service": {
      "name": "@virtual-infrastructure/data-service",
      "version": "0.0.0",
      "dependencies": {
        "@feathersjs/errors": "^5.0.50",
        "@feathersjs/feathers": "^5.0.50",
        "@feathersjs/socketio": "^5.0.50",
        "@feathersjs/transport-commons": "^5.0.50",
        "@virtual-infrastructure/protocol": "workspace:*",
      },
      "devDependencies": {
        "feathers-connect": "workspace:*",
      },
    },
    "examples/virtual-infrastructure/live-server": {
      "name": "@virtual-infrastructure/live-server",
      "version": "0.0.0",
      "dependencies": {
        "@virtual-infrastructure/protocol": "workspace:*",
        "feathers-connect": "workspace:*",
        "live-system": "workspace:*",
      },
    },
    "examples/virtual-infrastructure/protocol": {
      "name": "@virtual-infrastructure/protocol",
      "version": "0.0.0",
    },
    "examples/virtual-infrastructure/web": {
      "name": "@virtual-infrastructure/web",
      "version": "0.0.0",
      "dependencies": {
        "@virtual-infrastructure/protocol": "workspace:*",
        "feathers-connect": "workspace:*",
        "live-system": "workspace:*",
      },
    },
    "packages/feathers-connect": {
      "name": "feathers-connect",
      "version": "0.0.0",
      "dependencies": {
        "@feathersjs/feathers": "^5.0.50",
        "@feathersjs/socketio-client": "^5.0.50",
        "socket.io-client": "^4.8.4",
      },
      "devDependencies": {
        "@feathersjs/memory": "^5.0.50",
        "@feathersjs/socketio": "^5.0.50",
      },
    },
    "packages/live-system": {
      "name": "live-system",
      "version": "0.0.0",
      "dependencies": {
        "micro-fsm": "workspace:*",
        "pinia": "^4.0.3",
        "vue": "^3.5.43",
      },
    },
    "packages/micro-fsm": {
      "name": "micro-fsm",
      "version": "0.0.0",
    },
  },
  "packages": {
    "@babel/helper-string-parser": ["@babel/helper-string-parser@7.29.7", "", {}, "sha512-Pb5ijPrZ89GDH8223L4UP8i6QApWxs04RbPQJTeWDV0/keR2E36MeKnyr6LYmUUvqRRI+Iv87SuF1W6ErINzYw=="],

    "@babel/helper-validator-identifier": ["@babel/helper-validator-identifier@7.29.7", "", {}, "sha512-qehxGkRj55h/ff8EMaJ+cYhyaKlHIxqYDn682wQD7RNp9UujOQsHog2uS0r2vzr4pW+sXf90NeeayjcNaX3fFg=="],

    "@babel/parser": ["@babel/parser@7.29.9", "", { "dependencies": { "@babel/types": "^7.29.8" }, "bin": "./bin/babel-parser.js" }, "sha512-CjXrNHTnvqBVqHgdBysY3vk2T8tpJHb5/RMeHJBTyVa9xgugCB0CJTx/3oO8RV2QRQP391RWpB7D6hLjm8V9uA=="],

    "@babel/types": ["@babel/types@7.29.8", "", { "dependencies": { "@babel/helper-string-parser": "^7.29.7", "@babel/helper-validator-identifier": "^7.29.7" } }, "sha512-Vj1jF3cPfxg7OAfoI7QnVKLoILlm2JF9pnVHrX8qx7AHMiYWT+NDAA7jChlNgRS4WTLc/fD1lXLmPixluj+3Gg=="],

    "@feathersjs/adapter-commons": ["@feathersjs/adapter-commons@5.0.50", "", { "dependencies": { "@feathersjs/commons": "^5.0.50", "@feathersjs/errors": "^5.0.50", "@feathersjs/feathers": "^5.0.50" } }, "sha512-m3+TzrPtBdJiPI34e+bEOdBMmU/ApoF5Si5irRTlu3UsrFTfAHYg0bBUh80dpuhZZi8W+XHaJ7OQqtaXV4wNMg=="],

    "@feathersjs/commons": ["@feathersjs/commons@5.0.50", "", {}, "sha512-vzdX1G3d2X1WK/cnH3a1PA2ry3z8y8XBvLjl+RHg9wvOAy1g6dOXwD+ULjOK7Z4LrPmbyUG4b4lvsQChdPcbPw=="],

    "@feathersjs/errors": ["@feathersjs/errors@5.0.50", "", {}, "sha512-sMzZbaRfFio3CgbUDmmxjZqlv+6CgrWpR9eS/t1NYUkx2T29qhnMwvIuBefy9Eu4a/B/UrarIAYJaV09GcvDSg=="],

    "@feathersjs/feathers": ["@feathersjs/feathers@5.0.50", "", { "dependencies": { "@feathersjs/commons": "^5.0.50", "@feathersjs/hooks": "^0.9.0", "events": "^3.3.0" } }, "sha512-rd3swoLKXZ70bcRQovmu1CdIe6NRLnvYmokM/nIyWUo0pHs5sJKZX/slhcNg/Mopcna1tRNZ8+1zzQ7bSKbs3Q=="],

    "@feathersjs/hooks": ["@feathersjs/hooks@0.9.0", "", {}, "sha512-kLfWnuhbC25CPkR1/TDcVs0rSiv0JLNxrpUivLwc7FUnkyeciRi5VOmC1SOzL2SOagcozu3+m4VQiONyzgfY7w=="],

    "@feathersjs/memory": ["@feathersjs/memory@5.0.50", "", { "dependencies": { "@feathersjs/adapter-commons": "^5.0.50", "@feathersjs/errors": "^5.0.50", "sift": "^17.1.3" } }, "sha512-pWy/mxRkDmFqmJPH0ym7Xuj8fDvmNgCyHAknseg5312dorVlHwgdHIoqdVO21gPVLzsOSpaMKk+oqPpiz/xe9g=="],

    "@feathersjs/socketio": ["@feathersjs/socketio@5.0.50", "", { "dependencies": { "@feathersjs/commons": "^5.0.50", "@feathersjs/feathers": "^5.0.50", "@feathersjs/transport-commons": "^5.0.50", "socket.io": "^4.8.3" } }, "sha512-+IHpmrGj/ClG3DY59Le/xl5ETQY8rNRNBgsaCJc8rMRruPZQ8LVSpL03Df4KbvzF96PuCfx9Y6JfuURN36EKHw=="],

    "@feathersjs/socketio-client": ["@feathersjs/socketio-client@5.0.50", "", { "dependencies": { "@feathersjs/feathers": "^5.0.50", "@feathersjs/transport-commons": "^5.0.50" } }, "sha512-s4zMJOmPjKulj2vcnUFcim5LAEp5u0++B1WfFXv4Rw7QYuDAz9ROEcezXqSCokznTiTX9Avf1vFVWCXST/GmbA=="],

    "@feathersjs/transport-commons": ["@feathersjs/transport-commons@5.0.50", "", { "dependencies": { "@feathersjs/commons": "^5.0.50", "@feathersjs/errors": "^5.0.50", "@feathersjs/feathers": "^5.0.50", "encodeurl": "^2.0.0", "lodash": "^4.18.1" } }, "sha512-GCQneevIzzk6u3EDSfk4VXSm2/kNBQv9MU2aqmsNDeOV1VsPxn9/Qd4myHLQiXafHM8ZkASNNC19fM6d7tyiVQ=="],

    "@jridgewell/sourcemap-codec": ["@jridgewell/sourcemap-codec@1.6.0", "", {}, "sha512-T7jf+5zgsZHwNJ4lvQ7/aezbyk0nNX+zJVWpmHA7VYsEx7a7qr5Rg5IbtJFqkgze5Y2sruq1RUY8Q837Od7iFw=="],

    "@socket.io/component-emitter": ["@socket.io/component-emitter@3.1.2", "", {}, "sha512-9BCxFwvbGg/RsZK9tjXd8s4UcwR0MWeFQ1XEKIQVVvAGJyINdrqKMcTRyLoK8Rse1GjzLV9cwjWV1olXRWEXVA=="],

    "@types/bun": ["@types/bun@1.4.2", "", { "dependencies": { "bun-types": "1.4.2" } }, "sha512-GimotNn7+ZV0uVArItBbriZsR1oNf0+WTzPkdcFrzShI7k2norL0uzEaJT8T33dWr7O/c9ZDuAFQrctKCi72oQ=="],

    "@types/cors": ["@types/cors@2.8.19", "", { "dependencies": { "@types/node": "*" } }, "sha512-mFNylyeyqN93lfe/9CSxOGREz8cpzAhH+E93xJ4xWQf62V8sQ/24reV2nyzUWM6H6Xji+GGHpkbLe7pVoUEskg=="],

    "@types/node": ["@types/node@26.6.4", "", { "dependencies": { "undici-types": "~8.9.0" } }, "sha512-ldVPDCzj7fsaGZrLB0NuHuTvJcsNasysBAqMolr/cgxrLd1xbqxIr3XJiPnHHJUCxj5sNF1vnRj9aWnrVh5Jcg=="],

    "@types/ws": ["@types/ws@8.18.2", "", { "dependencies": { "@types/node": "*" } }, "sha512-67MQl+fpWKVTT1NYdnmo3U4sc/xPo/zQBncVnI74qmQa0z/b+1g6iYqNmGCPbxO+zz2aklb08a0oHfegiVd0/w=="],

    "@virtual-infrastructure/data-service": ["@virtual-infrastructure/data-service@workspace:examples/virtual-infrastructure/data-service"],

    "@virtual-infrastructure/live-server": ["@virtual-infrastructure/live-server@workspace:examples/virtual-infrastructure/live-server"],

    "@virtual-infrastructure/protocol": ["@virtual-infrastructure/protocol@workspace:examples/virtual-infrastructure/protocol"],

    "@virtual-infrastructure/web": ["@virtual-infrastructure/web@workspace:examples/virtual-infrastructure/web"],

    "@vue/compiler-core": ["@vue/compiler-core@3.5.43", "", { "dependencies": { "@babel/parser": "^7.29.8", "@vue/shared": "3.5.43", "entities": "^7.0.1", "estree-walker": "^2.0.2", "source-map-js": "^1.2.1" } }, "sha512-zdiLhnbe1QQqgDT8xZMpNmyqZ3qlI+/Q/FHQco57Kwl/b05HhCzN6eVGN9QU9rbga4CrS0H5SYY8VGHZCt/1Hg=="],

    "@vue/compiler-dom": ["@vue/compiler-dom@3.5.43", "", { "dependencies": { "@vue/compiler-core": "3.5.43", "@vue/shared": "3.5.43" } }, "sha512-PEZoAk3NQmsn/ejMzSOCyTYqwGqczrWm70PuhBKjjv1+TCoQAaO/zOqNwjV+honlNstT5ILxtc+8r8UUfj+iEQ=="],

    "@vue/compiler-sfc": ["@vue/compiler-sfc@3.5.43", "", { "dependencies": { "@babel/parser": "^7.29.8", "@vue/compiler-core": "3.5.43", "@vue/compiler-dom": "3.5.43", "@vue/compiler-ssr": "3.5.43", "@vue/shared": "3.5.43", "estree-walker": "^2.0.2", "magic-string": "^0.30.21", "postcss": "^8.5.28", "source-map-js": "^1.2.1" } }, "sha512-FCbrG3XNCRl+js3huuKx4IVHBLTvMkJhVepjbxSPu1gn4yWLaYtGNQdjJGZaMytXB6qb76qQDDmDSLy/vkmleQ=="],

    "@vue/compiler-ssr": ["@vue/compiler-ssr@3.5.43", "", { "dependencies": { "@vue/compiler-dom": "3.5.43", "@vue/shared": "3.5.43" } }, "sha512-GF62orf7KiJX9RqrHNGrYBudsQGD0OhJ5nDs90O8UiDuS40+YMYomiXu6w6EuvtXuRDc3MSNis3EaaSKAVSWpg=="],

    "@vue/devtools-api": ["@vue/devtools-api@8.2.1", "", { "dependencies": { "@vue/devtools-kit": "^8.2.1" } }, "sha512-6u4vXBlIBAC1wMplIZgpyPn7uh/s4Bf6F5bMzvLv+EdJ0aHs/+4B7Ygv864EStQSjRbsRzTko/kUG1A1IejQ3A=="],

    "@vue/devtools-kit": ["@vue/devtools-kit@8.2.1", "", { "dependencies": { "@vue/devtools-shared": "^8.2.1", "birpc": "^2.6.1", "hookable": "^5.5.3", "perfect-debounce": "^2.0.0" } }, "sha512-FIGIuq3AWReEpbAHY/cRGeHDfI0qOb8OCQ3YjbEAX04uaxIDbGc9rhkbVcG7rnfHPXE3RsU5KrWOu9V/okd8AQ=="],

    "@vue/devtools-shared": ["@vue/devtools-shared@8.2.1", "", {}, "sha512-Fkac7lUdGReh6pVOi3AYPRGe82LQqRmAfThW7RRligOAP0ZA/Z1z9XLHDM9dv34pV2HRc79DK8uKPeG2fLnA/g=="],

    "@vue/reactivity": ["@vue/reactivity@3.5.43", "", { "dependencies": { "@vue/shared": "3.5.43" } }, "sha512-G/c9GyOZNI2jVaaS6OX1EF1SSFSv7H0ERqNTl4+DTFMlZmB5eVAB53aLQNam/7NL2NPtaDD7RdVrzf8uJzMuOA=="],

    "@vue/runtime-core": ["@vue/runtime-core@3.5.43", "", { "dependencies": { "@vue/reactivity": "3.5.43", "@vue/shared": "3.5.43" } }, "sha512-hU6U6VnVhBGQDpvlnnDlIB8ZGJBiOcgk2lh/0InltHiz3D8oSkluvuvY+do1G2H3+udeKFsmaBlgVYP7gXQzEw=="],

    "@vue/runtime-dom": ["@vue/runtime-dom@3.5.43", "", { "dependencies": { "@vue/reactivity": "3.5.43", "@vue/runtime-core": "3.5.43", "@vue/shared": "3.5.43", "csstype": "^3.2.3" } }, "sha512-Bb2Jc0YjjJdMt1SJmb9b2L/IWd3I8lIT9x9eS/xvvP9CiVgna0ffua74xKRmt4/uSJ+0r4iN8ex1jrqkhQGWQw=="],

    "@vue/server-renderer": ["@vue/server-renderer@3.5.43", "", { "dependencies": { "@vue/compiler-ssr": "3.5.43", "@vue/runtime-dom": "3.5.43", "@vue/shared": "3.5.43" } }, "sha512-l2Ygjv9NehV94PSBxNWsAHC0j/eIIKbn92mBuWXAPGLnn6HfJ6MH5ubsd+Nk0YoZ5FRuxWI1P2VSoh+dbPQhCQ=="],

    "@vue/shared": ["@vue/shared@3.5.43", "", {}, "sha512-uksS7YGMR5NZyr4JNq0Rp+QyLns0ueaz20KwzIPW9R0LH1Vnt4E+XUM29PNseEbf1www2gOuhuDi5AKOIXag9Q=="],

    "accepts": ["accepts@1.3.8", "", { "dependencies": { "mime-types": "~2.1.34", "negotiator": "0.6.3" } }, "sha512-PYAthTa2m2VKxuvSD3DPC/Gy+U+sOA1LAuT8mkmRuvw+NACSaeXEQ+NHcVF7rONl6qcaxV3Uuemwawk+7+SJLw=="],

    "birpc": ["birpc@2.9.0", "", {}, "sha512-KrayHS5pBi69Xi9JmvoqrIgYGDkD6mcSe/i6YKi3w5kekCLzrX4+nawcXqrj2tIp50Kw/mT/s3p+GVK0A0sKxw=="],

    "bun-types": ["bun-types@1.4.2", "", { "dependencies": { "@types/node": "*" } }, "sha512-bxV1FgK7yBIzjRe5zBozIM4Bem11ZJcCXSrjWRG3YWLt8yFDePu4cLjpebO8OvPeIE9trbyPF4fuj3Cia4Fj3w=="],

    "cookie": ["cookie@0.7.2", "", {}, "sha512-yki5XnKuf750l50uGTllt6kKILY4nQ1eNIQatoXEByZ5dWgnKqbnqmTrBE5B4N7lrMJKQ2ytWMiTO2o0v6Ew/w=="],

    "cors": ["cors@2.8.6", "", { "dependencies": { "object-assign": "^4", "vary": "^1" } }, "sha512-tJtZBBHA6vjIAaF6EnIaq6laBBP9aq/Y3ouVJjEfoHbRBcHBAHYcMh/w8LDrk2PvIMMq8gmopa5D4V8RmbrxGw=="],

    "csstype": ["csstype@3.2.3", "", {}, "sha512-z1HGKcYy2xA8AGQfwrn0PAy+PB7X/GSj3UVJW9qKyn43xWa+gl5nXmU4qqLMRzWVLFC8KusUX8T/0kCiOYpAIQ=="],

    "debug": ["debug@4.4.3", "", { "dependencies": { "ms": "^2.1.3" }, "peerDependencies": { "supports-color": "*" }, "optionalPeers": ["supports-color"] }, "sha512-RGwwWnwQvkVfavKVt22FGLw+xYSdzARwm0ru6DhTVA3umU5hZc28V3kO4stgYryrTlLpuvgI9GiijltAjNbcqA=="],

    "encodeurl": ["encodeurl@2.0.0", "", {}, "sha512-Q0n9HRi4m6JuGIV1eFlmvJB7ZEVxu93IrMyiMsGC0lrMJMWzRgx6WGquyfQgZVb31vhGgXnfmPNNXmxnOkRBrg=="],

    "engine.io": ["engine.io@6.6.11", "", { "dependencies": { "@types/cors": "^2.8.12", "@types/node": ">=10.0.0", "@types/ws": "^8.5.12", "accepts": "~1.3.4", "cookie": "~0.7.2", "cors": "~2.8.5", "debug": "~4.4.1", "engine.io-parser": "~5.2.1", "ws": "~8.21.0" } }, "sha512-z34mGpLoY/82ZbkX1LqGMIaf3wjVMPL6gVC681QDqnmzJ26synI8qAE32P+a7UazmpJZ8UGrFIeAavgRfXzYrg=="],

    "engine.io-client": ["engine.io-client@6.6.7", "", { "dependencies": { "@socket.io/component-emitter": "~3.1.0", "debug": "~4.4.1", "engine.io-parser": "~5.2.1", "ws": "~8.21.0", "xmlhttprequest-ssl": "~2.1.1" } }, "sha512-GyAvmPA7gnRCpDQbYACAy79Lg4ewevrmaPzySZz0OVvgyZc3gEfLLqPTYk8wVBScjOEpM9ZO4KryyFpVItjGEA=="],

    "engine.io-parser": ["engine.io-parser@5.2.3", "", {}, "sha512-HqD3yTBfnBxIrbnM1DoD6Pcq8NECnh8d4As1Qgh0z5Gg3jRRIqijury0CL3ghu/edArpUYiYqQiDUQBIs4np3Q=="],

    "entities": ["entities@7.0.1", "", {}, "sha512-TWrgLOFUQTH994YUyl1yT4uyavY5nNB5muff+RtWaqNVCAK408b5ZnnbNAUEWLTCpum9w6arT70i1XdQ4UeOPA=="],

    "estree-walker": ["estree-walker@2.0.2", "", {}, "sha512-Rfkk/Mp/DL7JVje3u18FxFujQlTNR2q6QfMSMB7AvCBx91NGj/ba3kCfza0f6dVDbw7YlRf/nDrn7pQrCCyQ/w=="],

    "events": ["events@3.3.0", "", {}, "sha512-mQw+2fkQbALzQ7V0MY0IqdnXNOeTtP4r0lN9z7AAawCXgqea7bDii20AYrIBrFd/Hx0M2Ocz6S111CaFkUcb0Q=="],

    "feathers-connect": ["feathers-connect@workspace:packages/feathers-connect"],

    "hookable": ["hookable@5.5.3", "", {}, "sha512-Yc+BQe8SvoXH1643Qez1zqLRmbA5rCL+sSmk6TVos0LWVfNIB7PGncdlId77WzLGSIB5KaWgTaNTs2lNVEI6VQ=="],

    "live-system": ["live-system@workspace:packages/live-system"],

    "lodash": ["lodash@4.18.1", "", {}, "sha512-dMInicTPVE8d1e5otfwmmjlxkZoUpiVLwyeTdUsi/Caj/gfzzblBcCE5sRHV/AsjuCmxWrte2TNGSYuCeCq+0Q=="],

    "magic-string": ["magic-string@0.30.21", "", { "dependencies": { "@jridgewell/sourcemap-codec": "^1.5.5" } }, "sha512-vd2F4YUyEXKGcLHoq+TEyCjxueSeHnFxyyjNp80yg0XV4vUhnDer/lvvlqM/arB5bXQN5K2/3oinyCRyx8T2CQ=="],

    "micro-fsm": ["micro-fsm@workspace:packages/micro-fsm"],

    "mime-db": ["mime-db@1.52.0", "", {}, "sha512-sPU4uV7dYlvtWJxwwxHD0PuihVNiE7TyAbQ5SWxDCB9mUYvOgroQOwYQQOKPJ8CIbE+1ETVlOoK1UC2nU3gYvg=="],

    "mime-types": ["mime-types@2.1.35", "", { "dependencies": { "mime-db": "1.52.0" } }, "sha512-ZDY+bPm5zTTF+YpCrAU9nK0UgICYPT0QtT1NZWFv4s++TNkcgVaT0g6+4R2uI4MjQjzysHB1zxuWL50hzaeXiw=="],

    "ms": ["ms@2.1.3", "", {}, "sha512-6FlzubTLZG3J2a/NVCAleEhjzq5oxgHyaCU9yYXvcLsvoVaHJq/s5xXI6/XXP6tz7R9xAOtHnSO/tXtF3WRTlA=="],

    "nanoid": ["nanoid@3.3.19", "", { "bin": { "nanoid": "bin/nanoid.cjs" } }, "sha512-Y2tUNy4ouw6tq5oDSKeQYGOyhkUBhNOcGV/02KC+6kd9eDGqdZd++mjMiIDilrBYvjEnCYvVtsuHCuP+okSfug=="],

    "negotiator": ["negotiator@0.6.3", "", {}, "sha512-+EUsqGPLsM+j/zdChZjsnX51g4XrHFOIXwfnCVPGlQk/k5giakcKsuxCObBRu6DSm9opw/O6slWbJdghQM4bBg=="],

    "nostics": ["nostics@1.3.0", "", {}, "sha512-wzRsrJwNlFbqIRQt8aCeL2WE8USip/uuvGSOZV1D02CxX8ABTMbw8IywKjH7yWHETMXbWJI4OBpihg9rmz2Vyg=="],

    "object-assign": ["object-assign@4.1.1", "", {}, "sha512-rJgTQnkUnH1sFw8yT6VSU3zD3sWmu6sZhIseY8VX+GRu3P6F7Fu+JNDoXfklElbLJSnc3FUQHVe4cU5hj+BcUg=="],

    "perfect-debounce": ["perfect-debounce@2.1.0", "", {}, "sha512-LjgdTytVFXeUgtHZr9WYViYSM/g8MkcTPYDlPa3cDqMirHjKiSZPYd6DoL7pK8AJQr+uWkQvCjHNdiMqsrJs+g=="],

    "picocolors": ["picocolors@1.1.1", "", {}, "sha512-xceH2snhtb5M9liqDsmEw56le376mTZkEX/jEb/RxNFyegNul7eNslCXP9FDj/Lcu0X8KEyMceP2ntpaHrDEVA=="],

    "pinia": ["pinia@4.0.3", "", { "dependencies": { "nostics": "^1.1.4" }, "peerDependencies": { "@vue/devtools-api": "^8.1.5", "typescript": ">=5.6.0", "vue": "^3.5.11" }, "optionalPeers": ["typescript"] }, "sha512-XMQqpvjgG7LMqVhhFUzKLT4KEbsYbfZZ0CZU9PgdFm1O2VKBmIkykL8+SfNhOaT7sR0wT6BEgKT0YNDYWgmVRA=="],

    "postcss": ["postcss@8.5.28", "", { "dependencies": { "nanoid": "^3.3.18", "picocolors": "^1.1.1", "source-map-js": "^1.2.1" } }, "sha512-RRuzqDtt5Y9h3quz5hWhK+TPnsmVs6WwSU6LkJMeY4HstUEDuYTG8UJSdawMRzmzAtV+KEoG8N3Qg2qLy5vM/A=="],

    "sift": ["sift@17.1.3", "", {}, "sha512-Rtlj66/b0ICeFzYTuNvX/EF1igRbbnGSvEyT79McoZa/DeGhMyC5pWKOEsZKnpkqtSeovd5FL/bjHWC3CIIvCQ=="],

    "socket.io": ["socket.io@4.8.4", "", { "dependencies": { "accepts": "~1.3.4", "cors": "~2.8.5", "debug": "~4.4.1", "engine.io": "~6.6.0", "socket.io-adapter": "~2.5.2", "socket.io-parser": "~4.2.4" } }, "sha512-9ZV9zg8vN8hO3Y25DhR7nUkJ1VDnBhq5O/JrXhFT9s6+F0gqytSASTHVfCFc2mJXaTfARroErplXlzFWwETZqQ=="],

    "socket.io-adapter": ["socket.io-adapter@2.5.8", "", { "dependencies": { "debug": "~4.4.1", "ws": "~8.21.0" } }, "sha512-6Oy52pbg+kvdCVvjcN+FnY7BvxZ7cIHNScbvztT/It5d0vbwoJoVZmF2gjJmnV0/4WlXRfG15zc45ySk9Ah8bw=="],

    "socket.io-client": ["socket.io-client@4.8.4", "", { "dependencies": { "@socket.io/component-emitter": "~3.1.0", "debug": "~4.4.1", "engine.io-client": "~6.6.1", "socket.io-parser": "~4.2.4" } }, "sha512-7wjKAvVXYOJsbmUgkWbnhPD4bFpkqrUR0++XOjpGFmqDqsqV1CI93VTraeExLxpjxEqrWgFoSRZu1ihjLWfkAA=="],

    "socket.io-parser": ["socket.io-parser@4.2.7", "", { "dependencies": { "@socket.io/component-emitter": "~3.1.0", "debug": "~4.4.1" } }, "sha512-IH/iSeO9T6gz1KkFleGDWkG9N3dl4jXVYUtMhIqH10Md0ttMer8nUNWiP1DKuNrybD2xBrixLJdCC9J6ECoYkg=="],

    "source-map-js": ["source-map-js@1.2.2", "", {}, "sha512-KGj/8Y43x35aZVDtt+J4mK1hoLGHULMYfSkODJNQjNDC3oW1PqPoxMwo0pLUsWM/UEGzON/NxeHywEfNXNP3Vw=="],

    "typescript": ["typescript@5.9.3", "", { "bin": { "tsc": "bin/tsc", "tsserver": "bin/tsserver" } }, "sha512-jl1vZzPDinLr9eUt3J/t7V6FgNEw9QjvBPdysz9KfQDD41fQrC2Y4vKQdiaUpFT4bXlb1RHhLpp8wtm6M5TgSw=="],

    "undici-types": ["undici-types@8.9.0", "", {}, "sha512-KTDyRTYX8sWmKXAikPHHSyc63CRPETMctyjKFupcC6OBLXT3xsN0e9aF7m+mIXutFWpUXuedtowG7iLOzp0kQg=="],

    "vary": ["vary@1.1.2", "", {}, "sha512-BNGbWLfd0eUPabhkXUVm0j8uuvREyTh5ovRa/dyow/BqAbZJyC+5fU+IzQOzmAKzYqYRAISoRhdQr3eIZ/PXqg=="],

    "vue": ["vue@3.5.43", "", { "dependencies": { "@vue/compiler-dom": "3.5.43", "@vue/compiler-sfc": "3.5.43", "@vue/runtime-dom": "3.5.43", "@vue/server-renderer": "3.5.43", "@vue/shared": "3.5.43" }, "peerDependencies": { "typescript": "*" }, "optionalPeers": ["typescript"] }, "sha512-o5qZoksdnjIKvW1srZ3ab7pcDNYAerBjRe54D0LBLfRdCYFrSgBHVXokMas35czQc0//lmx4/tuY4ZNQ+Rf2Ng=="],

    "ws": ["ws@8.21.3", "", { "peerDependencies": { "bufferutil": "^4.0.1", "utf-8-validate": ">=5.0.2" }, "optionalPeers": ["bufferutil", "utf-8-validate"] }, "sha512-201TZ/kPWxoPr/OKWjquZR1SWKXcvxdH+e1xrx89b3YbmzLMFCLfnaG1HFIgWzJOEWZ7MvpK++odZufgYR50Rw=="],

    "xmlhttprequest-ssl": ["xmlhttprequest-ssl@2.1.2", "", {}, "sha512-TEU+nJVUUnA4CYJFLvK5X9AOeH4KvDvhIfm0vV1GaQRtchnG0hgK5p8hw/xjv8cunWYCsiPCSDzObPyhEwq3KQ=="],
  }
}
